// !$*UTF8*$!
{
	archiveVersion = 1;
	classes = {
	};
	objectVersion = 48;
	objects = {

/* Begin PBXBuildFile section */
		39071A7D20E20E8F00B3BEB9 /* AppDelegate.m in Sources */ = {isa = PBXBuildFile; fileRef = 39071A7C20E20E8F00B3BEB9 /* AppDelegate.m */; };
		39071A8320E20E8F00B3BEB9 /* Main.storyboard in Resources */ = {isa = PBXBuildFile; fileRef = 39071A8120E20E8F00B3BEB9 /* Main.storyboard */; };
		39071A8520E20E8F00B3BEB9 /* Assets.xcassets in Resources */ = {isa = PBXBuildFile; fileRef = 39071A8420E20E8F00B3BEB9 /* Assets.xcassets */; };
		39071A8820E20E8F00B3BEB9 /* LaunchScreen.storyboard in Resources */ = {isa = PBXBuildFile; fileRef = 39071A8620E20E8F00B3BEB9 /* LaunchScreen.storyboard */; };
		39071A8B20E20E8F00B3BEB9 /* main.m in Sources */ = {isa = PBXBuildFile; fileRef = 39071A8A20E20E8F00B3BEB9 /* main.m */; };
		39071A9520E20E8F00B3BEB9 /* MVVMRACTests.m in Sources */ = {isa = PBXBuildFile; fileRef = 39071A9420E20E8F00B3BEB9 /* MVVMRACTests.m */; };
		39071AA020E20E9000B3BEB9 /* MVVMRACUITests.m in Sources */ = {isa = PBXBuildFile; fileRef = 39071A9F20E20E9000B3BEB9 /* MVVMRACUITests.m */; };
		39C0863920E375AF00D80A04 /* UIViewController+NonBase.m in Sources */ = {isa = PBXBuildFile; fileRef = 39C0863820E375AF00D80A04 /* UIViewController+NonBase.m */; };
		39C0863C20E3760900D80A04 /* WDViewControllerIntercepter.m in Sources */ = {isa = PBXBuildFile; fileRef = 39C0863B20E3760900D80A04 /* WDViewControllerIntercepter.m */; };
		39C0864420E3802C00D80A04 /* WDViewModelIntercepter.m in Sources */ = {isa = PBXBuildFile; fileRef = 39C0864320E3802C00D80A04 /* WDViewModelIntercepter.m */; };
		39C0864720E3809100D80A04 /* NSObject+NonBase.m in Sources */ = {isa = PBXBuildFile; fileRef = 39C0864620E3809100D80A04 /* NSObject+NonBase.m */; };
		39C0864D20E384A300D80A04 /* UIView+NonBase.m in Sources */ = {isa = PBXBuildFile; fileRef = 39C0864C20E384A300D80A04 /* UIView+NonBase.m */; };
		39C0865020E3858600D80A04 /* WDViewIntercepter.m in Sources */ = {isa = PBXBuildFile; fileRef = 39C0864F20E3858600D80A04 /* WDViewIntercepter.m */; };
		39C0866020E3A0F200D80A04 /* WDRouterConstant.m in Sources */ = {isa = PBXBuildFile; fileRef = 39C0865F20E3A0F200D80A04 /* WDRouterConstant.m */; };
		39C0866620E3ABE300D80A04 /* JLRoutes+GenerateURL.m in Sources */ = {isa = PBXBuildFile; fileRef = 39C0866520E3ABE300D80A04 /* JLRoutes+GenerateURL.m */; };
		39C0866920E3ADDF00D80A04 /* WDCommButton.m in Sources */ = {isa = PBXBuildFile; fileRef = 39C0866820E3ADDF00D80A04 /* WDCommButton.m */; };
		39C0867B20E9CC8500D80A04 /* HXLoginViewController.m in Sources */ = {isa = PBXBuildFile; fileRef = 39C0867920E9CC8500D80A04 /* HXLoginViewController.m */; };
		39C0867C20E9CC8500D80A04 /* HXLoginViewController.xib in Resources */ = {isa = PBXBuildFile; fileRef = 39C0867A20E9CC8500D80A04 /* HXLoginViewController.xib */; };
		39C0867F20EA490100D80A04 /* HXLoginViewModel.m in Sources */ = {isa = PBXBuildFile; fileRef = 39C0867E20EA490100D80A04 /* HXLoginViewModel.m */; };
		39C0868620ECE1E700D80A04 /* HXHomeViewController.m in Sources */ = {isa = PBXBuildFile; fileRef = 39C0868420ECE1E700D80A04 /* HXHomeViewController.m */; };
		39C0868720ECE1E700D80A04 /* HXHomeViewController.xib in Resources */ = {isa = PBXBuildFile; fileRef = 39C0868520ECE1E700D80A04 /* HXHomeViewController.xib */; };
		F0516B6036B3CD75FEA43FEC /* libPods-MVVMRAC.a in Frameworks */ = {isa = PBXBuildFile; fileRef = EBDB54DED66C401944329EE8 /* libPods-MVVMRAC.a */; };
/* End PBXBuildFile section */

/* Begin PBXContainerItemProxy section */
		39071A9120E20E8F00B3BEB9 /* PBXContainerItemProxy */ = {
			isa = PBXContainerItemProxy;
			containerPortal = 39071A7020E20E8F00B3BEB9 /* Project object */;
			proxyType = 1;
			remoteGlobalIDString = 39071A7720E20E8F00B3BEB9;
			remoteInfo = MVVMRAC;
		};
		39071A9C20E20E9000B3BEB9 /* PBXContainerItemProxy */ = {
			isa = PBXContainerItemProxy;
			containerPortal = 39071A7020E20E8F00B3BEB9 /* Project object */;
			proxyType = 1;
			remoteGlobalIDString = 39071A7720E20E8F00B3BEB9;
			remoteInfo = MVVMRAC;
		};
/* End PBXContainerItemProxy section */

/* Begin PBXFileReference section */
		03671A955D95CBDCAB1E2933 /* Pods-MVVMRAC.debug.xcconfig */ = {isa = PBXFileReference; includeInIndex = 1; lastKnownFileType = text.xcconfig; name = "Pods-MVVMRAC.debug.xcconfig"; path = "Pods/Target Support Files/Pods-MVVMRAC/Pods-MVVMRAC.debug.xcconfig"; sourceTree = "<group>"; };
		39071A7820E20E8F00B3BEB9 /* MVVMRAC.app */ = {isa = PBXFileReference; explicitFileType = wrapper.application; includeInIndex = 0; path = MVVMRAC.app; sourceTree = BUILT_PRODUCTS_DIR; };
		39071A7B20E20E8F00B3BEB9 /* AppDelegate.h */ = {isa = PBXFileReference; lastKnownFileType = sourcecode.c.h; path = AppDelegate.h; sourceTree = "<group>"; };
		39071A7C20E20E8F00B3BEB9 /* AppDelegate.m */ = {isa = PBXFileReference; lastKnownFileType = sourcecode.c.objc; path = AppDelegate.m; sourceTree = "<group>"; };
		39071A8220E20E8F00B3BEB9 /* Base */ = {isa = PBXFileReference; lastKnownFileType = file.storyboard; name = Base; path = Base.lproj/Main.storyboard; sourceTree = "<group>"; };
		39071A8420E20E8F00B3BEB9 /* Assets.xcassets */ = {isa = PBXFileReference; lastKnownFileType = folder.assetcatalog; path = Assets.xcassets; sourceTree = "<group>"; };
		39071A8720E20E8F00B3BEB9 /* Base */ = {isa = PBXFileReference; lastKnownFileType = file.storyboard; name = Base; path = Base.lproj/LaunchScreen.storyboard; sourceTree = "<group>"; };
		39071A8920E20E8F00B3BEB9 /* Info.plist */ = {isa = PBXFileReference; lastKnownFileType = text.plist.xml; path = Info.plist; sourceTree = "<group>"; };
		39071A8A20E20E8F00B3BEB9 /* main.m */ = {isa = PBXFileReference; lastKnownFileType = sourcecode.c.objc; path = main.m; sourceTree = "<group>"; };
		39071A9020E20E8F00B3BEB9 /* MVVMRACTests.xctest */ = {isa = PBXFileReference; explicitFileType = wrapper.cfbundle; includeInIndex = 0; path = MVVMRACTests.xctest; sourceTree = BUILT_PRODUCTS_DIR; };
		39071A9420E20E8F00B3BEB9 /* MVVMRACTests.m */ = {isa = PBXFileReference; lastKnownFileType = sourcecode.c.objc; path = MVVMRACTests.m; sourceTree = "<group>"; };
		39071A9620E20E8F00B3BEB9 /* Info.plist */ = {isa = PBXFileReference; lastKnownFileType = text.plist.xml; path = Info.plist; sourceTree = "<group>"; };
		39071A9B20E20E9000B3BEB9 /* MVVMRACUITests.xctest */ = {isa = PBXFileReference; explicitFileType = wrapper.cfbundle; includeInIndex = 0; path = MVVMRACUITests.xctest; sourceTree = BUILT_PRODUCTS_DIR; };
		39071A9F20E20E9000B3BEB9 /* MVVMRACUITests.m */ = {isa = PBXFileReference; lastKnownFileType = sourcecode.c.objc; path = MVVMRACUITests.m; sourceTree = "<group>"; };
		39071AA120E20E9000B3BEB9 /* Info.plist */ = {isa = PBXFileReference; lastKnownFileType = text.plist.xml; path = Info.plist; sourceTree = "<group>"; };
		39C0863720E375AF00D80A04 /* UIViewController+NonBase.h */ = {isa = PBXFileReference; lastKnownFileType = sourcecode.c.h; path = "UIViewController+NonBase.h"; sourceTree = "<group>"; };
		39C0863820E375AF00D80A04 /* UIViewController+NonBase.m */ = {isa = PBXFileReference; lastKnownFileType = sourcecode.c.objc; path = "UIViewController+NonBase.m"; sourceTree = "<group>"; };
		39C0863A20E3760900D80A04 /* WDViewControllerIntercepter.h */ = {isa = PBXFileReference; lastKnownFileType = sourcecode.c.h; path = WDViewControllerIntercepter.h; sourceTree = "<group>"; };
		39C0863B20E3760900D80A04 /* WDViewControllerIntercepter.m */ = {isa = PBXFileReference; lastKnownFileType = sourcecode.c.objc; path = WDViewControllerIntercepter.m; sourceTree = "<group>"; };
		39C0863D20E3797100D80A04 /* WDViewControllerProtocol.h */ = {isa = PBXFileReference; lastKnownFileType = sourcecode.c.h; path = WDViewControllerProtocol.h; sourceTree = "<group>"; };
		39C0864120E37F6100D80A04 /* WDViewModelProtocol.h */ = {isa = PBXFileReference; lastKnownFileType = sourcecode.c.h; path = WDViewModelProtocol.h; sourceTree = "<group>"; };
		39C0864220E3802C00D80A04 /* WDViewModelIntercepter.h */ = {isa = PBXFileReference; lastKnownFileType = sourcecode.c.h; path = WDViewModelIntercepter.h; sourceTree = "<group>"; };
		39C0864320E3802C00D80A04 /* WDViewModelIntercepter.m */ = {isa = PBXFileReference; lastKnownFileType = sourcecode.c.objc; path = WDViewModelIntercepter.m; sourceTree = "<group>"; };
		39C0864520E3809100D80A04 /* NSObject+NonBase.h */ = {isa = PBXFileReference; lastKnownFileType = sourcecode.c.h; path = "NSObject+NonBase.h"; sourceTree = "<group>"; };
		39C0864620E3809100D80A04 /* NSObject+NonBase.m */ = {isa = PBXFileReference; lastKnownFileType = sourcecode.c.objc; path = "NSObject+NonBase.m"; sourceTree = "<group>"; };
		39C0864820E3828E00D80A04 /* WDViewProtocol.h */ = {isa = PBXFileReference; lastKnownFileType = sourcecode.c.h; path = WDViewProtocol.h; sourceTree = "<group>"; };
		39C0864920E3836600D80A04 /* WDTableViewProtocol.h */ = {isa = PBXFileReference; lastKnownFileType = sourcecode.c.h; path = WDTableViewProtocol.h; sourceTree = "<group>"; };
		39C0864A20E3844B00D80A04 /* WDTableViewCellProtocol.h */ = {isa = PBXFileReference; lastKnownFileType = sourcecode.c.h; path = WDTableViewCellProtocol.h; sourceTree = "<group>"; };
		39C0864B20E384A300D80A04 /* UIView+NonBase.h */ = {isa = PBXFileReference; lastKnownFileType = sourcecode.c.h; path = "UIView+NonBase.h"; sourceTree = "<group>"; };
		39C0864C20E384A300D80A04 /* UIView+NonBase.m */ = {isa = PBXFileReference; lastKnownFileType = sourcecode.c.objc; path = "UIView+NonBase.m"; sourceTree = "<group>"; };
		39C0864E20E3858600D80A04 /* WDViewIntercepter.h */ = {isa = PBXFileReference; lastKnownFileType = sourcecode.c.h; path = WDViewIntercepter.h; sourceTree = "<group>"; };
		39C0864F20E3858600D80A04 /* WDViewIntercepter.m */ = {isa = PBXFileReference; lastKnownFileType = sourcecode.c.objc; path = WDViewIntercepter.m; sourceTree = "<group>"; };
		39C0865320E38C8300D80A04 /* GloalDefine.h */ = {isa = PBXFileReference; lastKnownFileType = sourcecode.c.h; path = GloalDefine.h; sourceTree = "<group>"; };
		39C0865E20E3A0F200D80A04 /* WDRouterConstant.h */ = {isa = PBXFileReference; lastKnownFileType = sourcecode.c.h; path = WDRouterConstant.h; sourceTree = "<group>"; };
		39C0865F20E3A0F200D80A04 /* WDRouterConstant.m */ = {isa = PBXFileReference; lastKnownFileType = sourcecode.c.objc; path = WDRouterConstant.m; sourceTree = "<group>"; };
		39C0866420E3ABE300D80A04 /* JLRoutes+GenerateURL.h */ = {isa = PBXFileReference; lastKnownFileType = sourcecode.c.h; path = "JLRoutes+GenerateURL.h"; sourceTree = "<group>"; };
		39C0866520E3ABE300D80A04 /* JLRoutes+GenerateURL.m */ = {isa = PBXFileReference; lastKnownFileType = sourcecode.c.objc; path = "JLRoutes+GenerateURL.m"; sourceTree = "<group>"; };
		39C0866720E3ADDF00D80A04 /* WDCommButton.h */ = {isa = PBXFileReference; lastKnownFileType = sourcecode.c.h; path = WDCommButton.h; sourceTree = "<group>"; };
		39C0866820E3ADDF00D80A04 /* WDCommButton.m */ = {isa = PBXFileReference; lastKnownFileType = sourcecode.c.objc; path = WDCommButton.m; sourceTree = "<group>"; };
		39C0867820E9CC8500D80A04 /* HXLoginViewController.h */ = {isa = PBXFileReference; lastKnownFileType = sourcecode.c.h; path = HXLoginViewController.h; sourceTree = "<group>"; };
		39C0867920E9CC8500D80A04 /* HXLoginViewController.m */ = {isa = PBXFileReference; lastKnownFileType = sourcecode.c.objc; path = HXLoginViewController.m; sourceTree = "<group>"; };
		39C0867A20E9CC8500D80A04 /* HXLoginViewController.xib */ = {isa = PBXFileReference; lastKnownFileType = file.xib; path = HXLoginViewController.xib; sourceTree = "<group>"; };
		39C0867D20EA490100D80A04 /* HXLoginViewModel.h */ = {isa = PBXFileReference; lastKnownFileType = sourcecode.c.h; path = HXLoginViewModel.h; sourceTree = "<group>"; };
		39C0867E20EA490100D80A04 /* HXLoginViewModel.m */ = {isa = PBXFileReference; lastKnownFileType = sourcecode.c.objc; path = HXLoginViewModel.m; sourceTree = "<group>"; };
		39C0868320ECE1E700D80A04 /* HXHomeViewController.h */ = {isa = PBXFileReference; lastKnownFileType = sourcecode.c.h; path = HXHomeViewController.h; sourceTree = "<group>"; };
		39C0868420ECE1E700D80A04 /* HXHomeViewController.m */ = {isa = PBXFileReference; lastKnownFileType = sourcecode.c.objc; path = HXHomeViewController.m; sourceTree = "<group>"; };
		39C0868520ECE1E700D80A04 /* HXHomeViewController.xib */ = {isa = PBXFileReference; lastKnownFileType = file.xib; path = HXHomeViewController.xib; sourceTree = "<group>"; };
		39C0868820ECE35800D80A04 /* PrefixHeader.pch */ = {isa = PBXFileReference; lastKnownFileType = sourcecode.c.h; path = PrefixHeader.pch; sourceTree = "<group>"; };
		98FB3272D5415537755A097F /* Pods-MVVMRAC.release.xcconfig */ = {isa = PBXFileReference; includeInIndex = 1; lastKnownFileType = text.xcconfig; name = "Pods-MVVMRAC.release.xcconfig"; path = "Pods/Target Support Files/Pods-MVVMRAC/Pods-MVVMRAC.release.xcconfig"; sourceTree = "<group>"; };
		EBDB54DED66C401944329EE8 /* libPods-MVVMRAC.a */ = {isa = PBXFileReference; explicitFileType = archive.ar; includeInIndex = 0; path = "libPods-MVVMRAC.a"; sourceTree = BUILT_PRODUCTS_DIR; };
/* End PBXFileReference section */

/* Begin PBXFrameworksBuildPhase section */
		39071A7520E20E8F00B3BEB9 /* Frameworks */ = {
			isa = PBXFrameworksBuildPhase;
			buildActionMask = 2147483647;
			files = (
				F0516B6036B3CD75FEA43FEC /* libPods-MVVMRAC.a in Frameworks */,
			);
			runOnlyForDeploymentPostprocessing = 0;
		};
		39071A8D20E20E8F00B3BEB9 /* Frameworks */ = {
			isa = PBXFrameworksBuildPhase;
			buildActionMask = 2147483647;
			files = (
			);
			runOnlyForDeploymentPostprocessing = 0;
		};
		39071A9820E20E9000B3BEB9 /* Frameworks */ = {
			isa = PBXFrameworksBuildPhase;
			buildActionMask = 2147483647;
			files = (
			);
			runOnlyForDeploymentPostprocessing = 0;
		};
/* End PBXFrameworksBuildPhase section */

/* Begin PBXGroup section */
		2C86DCC93382FCD16C530D84 /* Frameworks */ = {
			isa = PBXGroup;
			children = (
				EBDB54DED66C401944329EE8 /* libPods-MVVMRAC.a */,
			);
			name = Frameworks;
			sourceTree = "<group>";
		};
		39071A6F20E20E8F00B3BEB9 = {
			isa = PBXGroup;
			children = (
				39071A7A20E20E8F00B3BEB9 /* MVVMRAC */,
				39071A9320E20E8F00B3BEB9 /* MVVMRACTests */,
				39071A9E20E20E9000B3BEB9 /* MVVMRACUITests */,
				39071A7920E20E8F00B3BEB9 /* Products */,
				8A4FCA7CF0C5CF3ED9DFCBCA /* Pods */,
				2C86DCC93382FCD16C530D84 /* Frameworks */,
			);
			sourceTree = "<group>";
		};
		39071A7920E20E8F00B3BEB9 /* Products */ = {
			isa = PBXGroup;
			children = (
				39071A7820E20E8F00B3BEB9 /* MVVMRAC.app */,
				39071A9020E20E8F00B3BEB9 /* MVVMRACTests.xctest */,
				39071A9B20E20E9000B3BEB9 /* MVVMRACUITests.xctest */,
			);
			name = Products;
			sourceTree = "<group>";
		};
		39071A7A20E20E8F00B3BEB9 /* MVVMRAC */ = {
			isa = PBXGroup;
			children = (
				39C0862A20E372C800D80A04 /* Api */,
				39C0862D20E372C800D80A04 /* Constant */,
				39C0862920E372C800D80A04 /* NonBase */,
				39C0862B20E372C800D80A04 /* Router */,
				39C0862C20E372C800D80A04 /* Utils */,
				39C0865620E39C0200D80A04 /* MVVM */,
				39071A7B20E20E8F00B3BEB9 /* AppDelegate.h */,
				39071A7C20E20E8F00B3BEB9 /* AppDelegate.m */,
				39071A8120E20E8F00B3BEB9 /* Main.storyboard */,
				39071A8420E20E8F00B3BEB9 /* Assets.xcassets */,
				39071A8620E20E8F00B3BEB9 /* LaunchScreen.storyboard */,
				39071A8920E20E8F00B3BEB9 /* Info.plist */,
				39071A8A20E20E8F00B3BEB9 /* main.m */,
				39C0868820ECE35800D80A04 /* PrefixHeader.pch */,
			);
			path = MVVMRAC;
			sourceTree = "<group>";
		};
		39071A9320E20E8F00B3BEB9 /* MVVMRACTests */ = {
			isa = PBXGroup;
			children = (
				39071A9420E20E8F00B3BEB9 /* MVVMRACTests.m */,
				39071A9620E20E8F00B3BEB9 /* Info.plist */,
			);
			path = MVVMRACTests;
			sourceTree = "<group>";
		};
		39071A9E20E20E9000B3BEB9 /* MVVMRACUITests */ = {
			isa = PBXGroup;
			children = (
				39071A9F20E20E9000B3BEB9 /* MVVMRACUITests.m */,
				39071AA120E20E9000B3BEB9 /* Info.plist */,
			);
			path = MVVMRACUITests;
			sourceTree = "<group>";
		};
		39C0862920E372C800D80A04 /* NonBase */ = {
			isa = PBXGroup;
			children = (
				39C0863020E3732800D80A04 /* View */,
				39C0862E20E3732800D80A04 /* Controller */,
				39C0862F20E3732800D80A04 /* ViewModel */,
			);
			path = NonBase;
			sourceTree = "<group>";
		};
		39C0862A20E372C800D80A04 /* Api */ = {
			isa = PBXGroup;
			children = (
			);
			path = Api;
			sourceTree = "<group>";
		};
		39C0862B20E372C800D80A04 /* Router */ = {
			isa = PBXGroup;
			children = (
				39C0865E20E3A0F200D80A04 /* WDRouterConstant.h */,
				39C0865F20E3A0F200D80A04 /* WDRouterConstant.m */,
				39C0866420E3ABE300D80A04 /* JLRoutes+GenerateURL.h */,
				39C0866520E3ABE300D80A04 /* JLRoutes+GenerateURL.m */,
			);
			path = Router;
			sourceTree = "<group>";
		};
		39C0862C20E372C800D80A04 /* Utils */ = {
			isa = PBXGroup;
			children = (
			);
			path = Utils;
			sourceTree = "<group>";
		};
		39C0862D20E372C800D80A04 /* Constant */ = {
			isa = PBXGroup;
			children = (
				39C0865320E38C8300D80A04 /* GloalDefine.h */,
			);
			path = Constant;
			sourceTree = "<group>";
		};
		39C0862E20E3732800D80A04 /* Controller */ = {
			isa = PBXGroup;
			children = (
				39C0863D20E3797100D80A04 /* WDViewControllerProtocol.h */,
				39C0863720E375AF00D80A04 /* UIViewController+NonBase.h */,
				39C0863820E375AF00D80A04 /* UIViewController+NonBase.m */,
				39C0863A20E3760900D80A04 /* WDViewControllerIntercepter.h */,
				39C0863B20E3760900D80A04 /* WDViewControllerIntercepter.m */,
			);
			path = Controller;
			sourceTree = "<group>";
		};
		39C0862F20E3732800D80A04 /* ViewModel */ = {
			isa = PBXGroup;
			children = (
				39C0864120E37F6100D80A04 /* WDViewModelProtocol.h */,
				39C0864220E3802C00D80A04 /* WDViewModelIntercepter.h */,
				39C0864320E3802C00D80A04 /* WDViewModelIntercepter.m */,
				39C0864520E3809100D80A04 /* NSObject+NonBase.h */,
				39C0864620E3809100D80A04 /* NSObject+NonBase.m */,
			);
			path = ViewModel;
			sourceTree = "<group>";
		};
		39C0863020E3732800D80A04 /* View */ = {
			isa = PBXGroup;
			children = (
				39C0864820E3828E00D80A04 /* WDViewProtocol.h */,
				39C0864920E3836600D80A04 /* WDTableViewProtocol.h */,
				39C0864A20E3844B00D80A04 /* WDTableViewCellProtocol.h */,
				39C0864B20E384A300D80A04 /* UIView+NonBase.h */,
				39C0864C20E384A300D80A04 /* UIView+NonBase.m */,
				39C0864E20E3858600D80A04 /* WDViewIntercepter.h */,
				39C0864F20E3858600D80A04 /* WDViewIntercepter.m */,
			);
			path = View;
			sourceTree = "<group>";
		};
		39C0865620E39C0200D80A04 /* MVVM */ = {
			isa = PBXGroup;
			children = (
				39C0865A20E39C6800D80A04 /* Model */,
				39C0865820E39C6800D80A04 /* View */,
				39C0865720E39C6800D80A04 /* ViewModel */,
			);
			path = MVVM;
			sourceTree = "<group>";
		};
		39C0865720E39C6800D80A04 /* ViewModel */ = {
			isa = PBXGroup;
			children = (
				39C0867D20EA490100D80A04 /* HXLoginViewModel.h */,
				39C0867E20EA490100D80A04 /* HXLoginViewModel.m */,
			);
			path = ViewModel;
			sourceTree = "<group>";
		};
		39C0865820E39C6800D80A04 /* View */ = {
			isa = PBXGroup;
			children = (
				39C0867720E9C31C00D80A04 /* Button */,
				39C0867820E9CC8500D80A04 /* HXLoginViewController.h */,
				39C0867920E9CC8500D80A04 /* HXLoginViewController.m */,
				39C0867A20E9CC8500D80A04 /* HXLoginViewController.xib */,
				39C0868320ECE1E700D80A04 /* HXHomeViewController.h */,
				39C0868420ECE1E700D80A04 /* HXHomeViewController.m */,
				39C0868520ECE1E700D80A04 /* HXHomeViewController.xib */,
			);
			path = View;
			sourceTree = "<group>";
		};
		39C0865A20E39C6800D80A04 /* Model */ = {
			isa = PBXGroup;
			children = (
			);
			path = Model;
			sourceTree = "<group>";
		};
		39C0867720E9C31C00D80A04 /* Button */ = {
			isa = PBXGroup;
			children = (
				39C0866720E3ADDF00D80A04 /* WDCommButton.h */,
				39C0866820E3ADDF00D80A04 /* WDCommButton.m */,
			);
			path = Button;
			sourceTree = "<group>";
		};
		8A4FCA7CF0C5CF3ED9DFCBCA /* Pods */ = {
			isa = PBXGroup;
			children = (
				03671A955D95CBDCAB1E2933 /* Pods-MVVMRAC.debug.xcconfig */,
				98FB3272D5415537755A097F /* Pods-MVVMRAC.release.xcconfig */,
			);
			name = Pods;
			sourceTree = "<group>";
		};
/* End PBXGroup section */

/* Begin PBXNativeTarget section */
		39071A7720E20E8F00B3BEB9 /* MVVMRAC */ = {
			isa = PBXNativeTarget;
			buildConfigurationList = 39071AA420E20E9000B3BEB9 /* Build configuration list for PBXNativeTarget "MVVMRAC" */;
			buildPhases = (
				A99C50FD7A2DEBA683A6A80E /* [CP] Check Pods Manifest.lock */,
				39071A7420E20E8F00B3BEB9 /* Sources */,
				39071A7520E20E8F00B3BEB9 /* Frameworks */,
				39071A7620E20E8F00B3BEB9 /* Resources */,
				D498DF96D36C7E602C9939E8 /* [CP] Embed Pods Frameworks */,
				8DBE2424139CA0BB1C44488A /* [CP] Copy Pods Resources */,
			);
			buildRules = (
			);
			dependencies = (
			);
			name = MVVMRAC;
			productName = MVVMRAC;
			productReference = 39071A7820E20E8F00B3BEB9 /* MVVMRAC.app */;
			productType = "com.apple.product-type.application";
		};
		39071A8F20E20E8F00B3BEB9 /* MVVMRACTests */ = {
			isa = PBXNativeTarget;
			buildConfigurationList = 39071AA720E20E9000B3BEB9 /* Build configuration list for PBXNativeTarget "MVVMRACTests" */;
			buildPhases = (
				39071A8C20E20E8F00B3BEB9 /* Sources */,
				39071A8D20E20E8F00B3BEB9 /* Frameworks */,
				39071A8E20E20E8F00B3BEB9 /* Resources */,
			);
			buildRules = (
			);
			dependencies = (
				39071A9220E20E8F00B3BEB9 /* PBXTargetDependency */,
			);
			name = MVVMRACTests;
			productName = MVVMRACTests;
			productReference = 39071A9020E20E8F00B3BEB9 /* MVVMRACTests.xctest */;
			productType = "com.apple.product-type.bundle.unit-test";
		};
		39071A9A20E20E9000B3BEB9 /* MVVMRACUITests */ = {
			isa = PBXNativeTarget;
			buildConfigurationList = 39071AAA20E20E9000B3BEB9 /* Build configuration list for PBXNativeTarget "MVVMRACUITests" */;
			buildPhases = (
				39071A9720E20E9000B3BEB9 /* Sources */,
				39071A9820E20E9000B3BEB9 /* Frameworks */,
				39071A9920E20E9000B3BEB9 /* Resources */,
			);
			buildRules = (
			);
			dependencies = (
				39071A9D20E20E9000B3BEB9 /* PBXTargetDependency */,
			);
			name = MVVMRACUITests;
			productName = MVVMRACUITests;
			productReference = 39071A9B20E20E9000B3BEB9 /* MVVMRACUITests.xctest */;
			productType = "com.apple.product-type.bundle.ui-testing";
		};
/* End PBXNativeTarget section */

/* Begin PBXProject section */
		39071A7020E20E8F00B3BEB9 /* Project object */ = {
			isa = PBXProject;
			attributes = {
				LastUpgradeCheck = 0910;
				ORGANIZATIONNAME = zhangguangpeng;
				TargetAttributes = {
					39071A7720E20E8F00B3BEB9 = {
						CreatedOnToolsVersion = 9.1;
						ProvisioningStyle = Automatic;
					};
					39071A8F20E20E8F00B3BEB9 = {
						CreatedOnToolsVersion = 9.1;
						ProvisioningStyle = Automatic;
						TestTargetID = 39071A7720E20E8F00B3BEB9;
					};
					39071A9A20E20E9000B3BEB9 = {
						CreatedOnToolsVersion = 9.1;
						ProvisioningStyle = Automatic;
						TestTargetID = 39071A7720E20E8F00B3BEB9;
					};
				};
			};
			buildConfigurationList = 39071A7320E20E8F00B3BEB9 /* Build configuration list for PBXProject "MVVMRAC" */;
			compatibilityVersion = "Xcode 8.0";
			developmentRegion = en;
			hasScannedForEncodings = 0;
			knownRegions = (
				en,
				Base,
			);
			mainGroup = 39071A6F20E20E8F00B3BEB9;
			productRefGroup = 39071A7920E20E8F00B3BEB9 /* Products */;
			projectDirPath = "";
			projectRoot = "";
			targets = (
				39071A7720E20E8F00B3BEB9 /* MVVMRAC */,
				39071A8F20E20E8F00B3BEB9 /* MVVMRACTests */,
				39071A9A20E20E9000B3BEB9 /* MVVMRACUITests */,
			);
		};
/* End PBXProject section */

/* Begin PBXResourcesBuildPhase section */
		39071A7620E20E8F00B3BEB9 /* Resources */ = {
			isa = PBXResourcesBuildPhase;
			buildActionMask = 2147483647;
			files = (
				39071A8820E20E8F00B3BEB9 /* LaunchScreen.storyboard in Resources */,
				39C0868720ECE1E700D80A04 /* HXHomeViewController.xib in Resources */,
				39071A8520E20E8F00B3BEB9 /* Assets.xcassets in Resources */,
				39C0867C20E9CC8500D80A04 /* HXLoginViewController.xib in Resources */,
				39071A8320E20E8F00B3BEB9 /* Main.storyboard in Resources */,
			);
			runOnlyForDeploymentPostprocessing = 0;
		};
		39071A8E20E20E8F00B3BEB9 /* Resources */ = {
			isa = PBXResourcesBuildPhase;
			buildActionMask = 2147483647;
			files = (
			);
			runOnlyForDeploymentPostprocessing = 0;
		};
		39071A9920E20E9000B3BEB9 /* Resources */ = {
			isa = PBXResourcesBuildPhase;
			buildActionMask = 2147483647;
			files = (
			);
			runOnlyForDeploymentPostprocessing = 0;
		};
/* End PBXResourcesBuildPhase section */

/* Begin PBXShellScriptBuildPhase section */
		8DBE2424139CA0BB1C44488A /* [CP] Copy Pods Resources */ = {
			isa = PBXShellScriptBuildPhase;
			buildActionMask = 2147483647;
			files = (
			);
			inputPaths = (
				"${SRCROOT}/Pods/Target Support Files/Pods-MVVMRAC/Pods-MVVMRAC-resources.sh",
				"${PODS_ROOT}/IQKeyboardManager/IQKeyboardManager/Resources/IQKeyboardManager.bundle",
				"${PODS_ROOT}/SVProgressHUD/SVProgressHUD/SVProgressHUD.bundle",
			);
			name = "[CP] Copy Pods Resources";
			outputPaths = (
				"${TARGET_BUILD_DIR}/${UNLOCALIZED_RESOURCES_FOLDER_PATH}/IQKeyboardManager.bundle",
				"${TARGET_BUILD_DIR}/${UNLOCALIZED_RESOURCES_FOLDER_PATH}/SVProgressHUD.bundle",
			);
			runOnlyForDeploymentPostprocessing = 0;
			shellPath = /bin/sh;
			shellScript = "\"${SRCROOT}/Pods/Target Support Files/Pods-MVVMRAC/Pods-MVVMRAC-resources.sh\"\n";
			showEnvVarsInLog = 0;
		};
		A99C50FD7A2DEBA683A6A80E /* [CP] Check Pods Manifest.lock */ = {
			isa = PBXShellScriptBuildPhase;
			buildActionMask = 2147483647;
			files = (
			);
			inputPaths = (
				"${PODS_PODFILE_DIR_PATH}/Podfile.lock",
				"${PODS_ROOT}/Manifest.lock",
			);
			name = "[CP] Check Pods Manifest.lock";
			outputPaths = (
				"$(DERIVED_FILE_DIR)/Pods-MVVMRAC-checkManifestLockResult.txt",
			);
			runOnlyForDeploymentPostprocessing = 0;
			shellPath = /bin/sh;
			shellScript = "diff \"${PODS_PODFILE_DIR_PATH}/Podfile.lock\" \"${PODS_ROOT}/Manifest.lock\" > /dev/null\nif [ $? != 0 ] ; then\n    # print error to STDERR\n    echo \"error: The sandbox is not in sync with the Podfile.lock. Run 'pod install' or update your CocoaPods installation.\" >&2\n    exit 1\nfi\n# This output is used by Xcode 'outputs' to avoid re-running this script phase.\necho \"SUCCESS\" > \"${SCRIPT_OUTPUT_FILE_0}\"\n";
			showEnvVarsInLog = 0;
		};
		D498DF96D36C7E602C9939E8 /* [CP] Embed Pods Frameworks */ = {
			isa = PBXShellScriptBuildPhase;
			buildActionMask = 2147483647;
			files = (
			);
			inputPaths = (
			);
			name = "[CP] Embed Pods Frameworks";
			outputPaths = (
			);
			runOnlyForDeploymentPostprocessing = 0;
			shellPath = /bin/sh;
			shellScript = "\"${SRCROOT}/Pods/Target Support Files/Pods-MVVMRAC/Pods-MVVMRAC-frameworks.sh\"\n";
			showEnvVarsInLog = 0;
		};
/* End PBXShellScriptBuildPhase section */

/* Begin PBXSourcesBuildPhase section */
		39071A7420E20E8F00B3BEB9 /* Sources */ = {
			isa = PBXSourcesBuildPhase;
			buildActionMask = 2147483647;
			files = (
				39C0863C20E3760900D80A04 /* WDViewControllerIntercepter.m in Sources */,
				39C0868620ECE1E700D80A04 /* HXHomeViewController.m in Sources */,
				39C0864720E3809100D80A04 /* NSObject+NonBase.m in Sources */,
				39C0867F20EA490100D80A04 /* HXLoginViewModel.m in Sources */,
				39C0866620E3ABE300D80A04 /* JLRoutes+GenerateURL.m in Sources */,
				39C0866920E3ADDF00D80A04 /* WDCommButton.m in Sources */,
				39C0864420E3802C00D80A04 /* WDViewModelIntercepter.m in Sources */,
				39071A8B20E20E8F00B3BEB9 /* main.m in Sources */,
				39C0864D20E384A300D80A04 /* UIView+NonBase.m in Sources */,
				39C0865020E3858600D80A04 /* WDViewIntercepter.m in Sources */,
				39C0866020E3A0F200D80A04 /* WDRouterConstant.m in Sources */,
				39071A7D20E20E8F00B3BEB9 /* AppDelegate.m in Sources */,
				39C0863920E375AF00D80A04 /* UIViewController+NonBase.m in Sources */,
				39C0867B20E9CC8500D80A04 /* HXLoginViewController.m in Sources */,
			);
			runOnlyForDeploymentPostprocessing = 0;
		};
		39071A8C20E20E8F00B3BEB9 /* Sources */ = {
			isa = PBXSourcesBuildPhase;
			buildActionMask = 2147483647;
			files = (
				39071A9520E20E8F00B3BEB9 /* MVVMRACTests.m in Sources */,
			);
			runOnlyForDeploymentPostprocessing = 0;
		};
		39071A9720E20E9000B3BEB9 /* Sources */ = {
			isa = PBXSourcesBuildPhase;
			buildActionMask = 2147483647;
			files = (
				39071AA020E20E9000B3BEB9 /* MVVMRACUITests.m in Sources */,
			);
			runOnlyForDeploymentPostprocessing = 0;
		};
/* End PBXSourcesBuildPhase section */

/* Begin PBXTargetDependency section */
		39071A9220E20E8F00B3BEB9 /* PBXTargetDependency */ = {
			isa = PBXTargetDependency;
			target = 39071A7720E20E8F00B3BEB9 /* MVVMRAC */;
			targetProxy = 39071A9120E20E8F00B3BEB9 /* PBXContainerItemProxy */;
		};
		39071A9D20E20E9000B3BEB9 /* PBXTargetDependency */ = {
			isa = PBXTargetDependency;
			target = 39071A7720E20E8F00B3BEB9 /* MVVMRAC */;
			targetProxy = 39071A9C20E20E9000B3BEB9 /* PBXContainerItemProxy */;
		};
/* End PBXTargetDependency section */

/* Begin PBXVariantGroup section */
		39071A8120E20E8F00B3BEB9 /* Main.storyboard */ = {
			isa = PBXVariantGroup;
			children = (
				39071A8220E20E8F00B3BEB9 /* Base */,
			);
			name = Main.storyboard;
			sourceTree = "<group>";
		};
		39071A8620E20E8F00B3BEB9 /* LaunchScreen.storyboard */ = {
			isa = PBXVariantGroup;
			children = (
				39071A8720E20E8F00B3BEB9 /* Base */,
			);
			name = LaunchScreen.storyboard;
			sourceTree = "<group>";
		};
/* End PBXVariantGroup section */

/* Begin XCBuildConfiguration section */
		39071AA220E20E9000B3BEB9 /* Debug */ = {
			isa = XCBuildConfiguration;
			buildSettings = {
				ALWAYS_SEARCH_USER_PATHS = NO;
				CLANG_ANALYZER_NONNULL = YES;
				CLANG_ANALYZER_NUMBER_OBJECT_CONVERSION = YES_AGGRESSIVE;
				CLANG_CXX_LANGUAGE_STANDARD = "gnu++14";
				CLANG_CXX_LIBRARY = "libc++";
				CLANG_ENABLE_MODULES = YES;
				CLANG_ENABLE_OBJC_ARC = YES;
				CLANG_WARN_BLOCK_CAPTURE_AUTORELEASING = YES;
				CLANG_WARN_BOOL_CONVERSION = YES;
				CLANG_WARN_COMMA = YES;
				CLANG_WARN_CONSTANT_CONVERSION = YES;
				CLANG_WARN_DIRECT_OBJC_ISA_USAGE = YES_ERROR;
				CLANG_WARN_DOCUMENTATION_COMMENTS = YES;
				CLANG_WARN_EMPTY_BODY = YES;
				CLANG_WARN_ENUM_CONVERSION = YES;
				CLANG_WARN_INFINITE_RECURSION = YES;
				CLANG_WARN_INT_CONVERSION = YES;
				CLANG_WARN_NON_LITERAL_NULL_CONVERSION = YES;
				CLANG_WARN_OBJC_LITERAL_CONVERSION = YES;
				CLANG_WARN_OBJC_ROOT_CLASS = YES_ERROR;
				CLANG_WARN_RANGE_LOOP_ANALYSIS = YES;
				CLANG_WARN_STRICT_PROTOTYPES = YES;
				CLANG_WARN_SUSPICIOUS_MOVE = YES;
				CLANG_WARN_UNGUARDED_AVAILABILITY = YES_AGGRESSIVE;
				CLANG_WARN_UNREACHABLE_CODE = YES;
				CLANG_WARN__DUPLICATE_METHOD_MATCH = YES;
				CODE_SIGN_IDENTITY = "iPhone Developer";
				COPY_PHASE_STRIP = NO;
				DEBUG_INFORMATION_FORMAT = dwarf;
				ENABLE_STRICT_OBJC_MSGSEND = YES;
				ENABLE_TESTABILITY = YES;
				GCC_C_LANGUAGE_STANDARD = gnu11;
				GCC_DYNAMIC_NO_PIC = NO;
				GCC_NO_COMMON_BLOCKS = YES;
				GCC_OPTIMIZATION_LEVEL = 0;
				GCC_PREPROCESSOR_DEFINITIONS = (
					"DEBUG=1",
					"$(inherited)",
				);
				GCC_WARN_64_TO_32_BIT_CONVERSION = YES;
				GCC_WARN_ABOUT_RETURN_TYPE = YES_ERROR;
				GCC_WARN_UNDECLARED_SELECTOR = YES;
				GCC_WARN_UNINITIALIZED_AUTOS = YES_AGGRESSIVE;
				GCC_WARN_UNUSED_FUNCTION = YES;
				GCC_WARN_UNUSED_VARIABLE = YES;
				IPHONEOS_DEPLOYMENT_TARGET = 11.1;
				MTL_ENABLE_DEBUG_INFO = YES;
				ONLY_ACTIVE_ARCH = YES;
				SDKROOT = iphoneos;
			};
			name = Debug;
		};
		39071AA320E20E9000B3BEB9 /* Release */ = {
			isa = XCBuildConfiguration;
			buildSettings = {
				ALWAYS_SEARCH_USER_PATHS = NO;
				CLANG_ANALYZER_NONNULL = YES;
				CLANG_ANALYZER_NUMBER_OBJECT_CONVERSION = YES_AGGRESSIVE;
				CLANG_CXX_LANGUAGE_STANDARD = "gnu++14";
				CLANG_CXX_LIBRARY = "libc++";
				CLANG_ENABLE_MODULES = YES;
				CLANG_ENABLE_OBJC_ARC = YES;
				CLANG_WARN_BLOCK_CAPTURE_AUTORELEASING = YES;
				CLANG_WARN_BOOL_CONVERSION = YES;
				CLANG_WARN_COMMA = YES;
				CLANG_WARN_CONSTANT_CONVERSION = YES;
				CLANG_WARN_DIRECT_OBJC_ISA_USAGE = YES_ERROR;
				CLANG_WARN_DOCUMENTATION_COMMENTS = YES;
				CLANG_WARN_EMPTY_BODY = YES;
				CLANG_WARN_ENUM_CONVERSION = YES;
				CLANG_WARN_INFINITE_RECURSION = YES;
				CLANG_WARN_INT_CONVERSION = YES;
				CLANG_WARN_NON_LITERAL_NULL_CONVERSION = YES;
				CLANG_WARN_OBJC_LITERAL_CONVERSION = YES;
				CLANG_WARN_OBJC_ROOT_CLASS = YES_ERROR;
				CLANG_WARN_RANGE_LOOP_ANALYSIS = YES;
				CLANG_WARN_STRICT_PROTOTYPES = YES;
				CLANG_WARN_SUSPICIOUS_MOVE = YES;
				CLANG_WARN_UNGUARDED_AVAILABILITY = YES_AGGRESSIVE;
				CLANG_WARN_UNREACHABLE_CODE = YES;
				CLANG_WARN__DUPLICATE_METHOD_MATCH = YES;
				CODE_SIGN_IDENTITY = "iPhone Developer";
				COPY_PHASE_STRIP = NO;
				DEBUG_INFORMATION_FORMAT = "dwarf-with-dsym";
				ENABLE_NS_ASSERTIONS = NO;
				ENABLE_STRICT_OBJC_MSGSEND = YES;
				GCC_C_LANGUAGE_STANDARD = gnu11;
				GCC_NO_COMMON_BLOCKS = YES;
				GCC_WARN_64_TO_32_BIT_CONVERSION = YES;
				GCC_WARN_ABOUT_RETURN_TYPE = YES_ERROR;
				GCC_WARN_UNDECLARED_SELECTOR = YES;
				GCC_WARN_UNINITIALIZED_AUTOS = YES_AGGRESSIVE;
				GCC_WARN_UNUSED_FUNCTION = YES;
				GCC_WARN_UNUSED_VARIABLE = YES;
				IPHONEOS_DEPLOYMENT_TARGET = 11.1;
				MTL_ENABLE_DEBUG_INFO = NO;
				SDKROOT = iphoneos;
				VALIDATE_PRODUCT = YES;
			};
			name = Release;
		};
		39071AA520E20E9000B3BEB9 /* Debug */ = {
			isa = XCBuildConfiguration;
			baseConfigurationReference = 03671A955D95CBDCAB1E2933 /* Pods-MVVMRAC.debug.xcconfig */;
			buildSettings = {
				ASSETCATALOG_COMPILER_APPICON_NAME = AppIcon;
				CODE_SIGN_STYLE = Automatic;
				DEVELOPMENT_TEAM = YGJUF6B3RM;
				GCC_PRECOMPILE_PREFIX_HEADER = YES;
				GCC_PREFIX_HEADER = "$(SRCROOT)/MVVMRAC/PrefixHeader.pch";
				INFOPLIST_FILE = MVVMRAC/Info.plist;
				IPHONEOS_DEPLOYMENT_TARGET = 8.0;
				LD_RUNPATH_SEARCH_PATHS = "$(inherited) @executable_path/Frameworks";
				PRODUCT_BUNDLE_IDENTIFIER = com.zgp.testGCDDemo.MVVMRAC;
				PRODUCT_NAME = "$(TARGET_NAME)";
				TARGETED_DEVICE_FAMILY = "1,2";
			};
			name = Debug;
		};
		39071AA620E20E9000B3BEB9 /* Release */ = {
			isa = XCBuildConfiguration;
			baseConfigurationReference = 98FB3272D5415537755A097F /* Pods-MVVMRAC.release.xcconfig */;
			buildSettings = {
				ASSETCATALOG_COMPILER_APPICON_NAME = AppIcon;
				CODE_SIGN_STYLE = Automatic;
				DEVELOPMENT_TEAM = YGJUF6B3RM;
				GCC_PRECOMPILE_PREFIX_HEADER = YES;
				GCC_PREFIX_HEADER = "$(SRCROOT)/MVVMRAC/PrefixHeader.pch";
				INFOPLIST_FILE = MVVMRAC/Info.plist;
				IPHONEOS_DEPLOYMENT_TARGET = 8.0;
				LD_RUNPATH_SEARCH_PATHS = "$(inherited) @executable_path/Frameworks";
				PRODUCT_BUNDLE_IDENTIFIER = com.zgp.testGCDDemo.MVVMRAC;
				PRODUCT_NAME = "$(TARGET_NAME)";
				TARGETED_DEVICE_FAMILY = "1,2";
			};
			name = Release;
		};
		39071AA820E20E9000B3BEB9 /* Debug */ = {
			isa = XCBuildConfiguration;
			buildSettings = {
				BUNDLE_LOADER = "$(TEST_HOST)";
				CODE_SIGN_STYLE = Automatic;
				DEVELOPMENT_TEAM = YGJUF6B3RM;
				INFOPLIST_FILE = MVVMRACTests/Info.plist;
				LD_RUNPATH_SEARCH_PATHS = "$(inherited) @executable_path/Frameworks @loader_path/Frameworks";
				PRODUCT_BUNDLE_IDENTIFIER = com.zgp.testGCDDemo.MVVMRACTests;
				PRODUCT_NAME = "$(TARGET_NAME)";
				TARGETED_DEVICE_FAMILY = "1,2";
				TEST_HOST = "$(BUILT_PRODUCTS_DIR)/MVVMRAC.app/MVVMRAC";
			};
			name = Debug;
		};
		39071AA920E20E9000B3BEB9 /* Release */ = {
			isa = XCBuildConfiguration;
			buildSettings = {
				BUNDLE_LOADER = "$(TEST_HOST)";
				CODE_SIGN_STYLE = Automatic;
				DEVELOPMENT_TEAM = YGJUF6B3RM;
				INFOPLIST_FILE = MVVMRACTests/Info.plist;
				LD_RUNPATH_SEARCH_PATHS = "$(inherited) @executable_path/Frameworks @loader_path/Frameworks";
				PRODUCT_BUNDLE_IDENTIFIER = com.zgp.testGCDDemo.MVVMRACTests;
				PRODUCT_NAME = "$(TARGET_NAME)";
				TARGETED_DEVICE_FAMILY = "1,2";
				TEST_HOST = "$(BUILT_PRODUCTS_DIR)/MVVMRAC.app/MVVMRAC";
			};
			name = Release;
		};
		39071AAB20E20E9000B3BEB9 /* Debug */ = {
			isa = XCBuildConfiguration;
			buildSettings = {
				CODE_SIGN_STYLE = Automatic;
				DEVELOPMENT_TEAM = YGJUF6B3RM;
				INFOPLIST_FILE = MVVMRACUITests/Info.plist;
				LD_RUNPATH_SEARCH_PATHS = "$(inherited) @executable_path/Frameworks @loader_path/Frameworks";
				PRODUCT_BUNDLE_IDENTIFIER = com.zgp.testGCDDemo.MVVMRACUITests;
				PRODUCT_NAME = "$(TARGET_NAME)";
				TARGETED_DEVICE_FAMILY = "1,2";
				TEST_TARGET_NAME = MVVMRAC;
			};
			name = Debug;
		};
		39071AAC20E20E9000B3BEB9 /* Release */ = {
			isa = XCBuildConfiguration;
			buildSettings = {
				CODE_SIGN_STYLE = Automatic;
				DEVELOPMENT_TEAM = YGJUF6B3RM;
				INFOPLIST_FILE = MVVMRACUITests/Info.plist;
				LD_RUNPATH_SEARCH_PATHS = "$(inherited) @executable_path/Frameworks @loader_path/Frameworks";
				PRODUCT_BUNDLE_IDENTIFIER = com.zgp.testGCDDemo.MVVMRACUITests;
				PRODUCT_NAME = "$(TARGET_NAME)";
				TARGETED_DEVICE_FAMILY = "1,2";
				TEST_TARGET_NAME = MVVMRAC;
			};
			name = Release;
		};
/* End XCBuildConfiguration section */

/* Begin XCConfigurationList section */
		39071A7320E20E8F00B3BEB9 /* Build configuration list for PBXProject "MVVMRAC" */ = {
			isa = XCConfigurationList;
			buildConfigurations = (
				39071AA220E20E9000B3BEB9 /* Debug */,
				39071AA320E20E9000B3BEB9 /* Release */,
			);
			defaultConfigurationIsVisible = 0;
			defaultConfigurationName = Release;
		};
		39071AA420E20E9000B3BEB9 /* Build configuration list for PBXNativeTarget "MVVMRAC" */ = {
			isa = XCConfigurationList;
			buildConfigurations = (
				39071AA520E20E9000B3BEB9 /* Debug */,
				39071AA620E20E9000B3BEB9 /* Release */,
			);
			defaultConfigurationIsVisible = 0;
			defaultConfigurationName = Release;
		};
		39071AA720E20E9000B3BEB9 /* Build configuration list for PBXNativeTarget "MVVMRACTests" */ = {
			isa = XCConfigurationList;
			buildConfigurations = (
				39071AA820E20E9000B3BEB9 /* Debug */,
				39071AA920E20E9000B3BEB9 /* Release */,
			);
			defaultConfigurationIsVisible = 0;
			defaultConfigurationName = Release;
		};
		39071AAA20E20E9000B3BEB9 /* Build configuration list for PBXNativeTarget "MVVMRACUITests" */ = {
			isa = XCConfigurationList;
			buildConfigurations = (
				39071AAB20E20E9000B3BEB9 /* Debug */,
				39071AAC20E20E9000B3BEB9 /* Release */,
			);
			defaultConfigurationIsVisible = 0;
			defaultConfigurationName = Release;
		};
/* End XCConfigurationList section */
	};
	rootObject = 39071A7020E20E8F00B3BEB9 /* Project object */;
}
